{
    "_meta": {
        "hash": {
            "sha256": "4f9e45e35e011d982a34e901d5a226732b86e196d1f48f50e0c5c608cb52e509"
        },
        "pipfile-spec": 6,
        "requires": {
            "python_version": "3.6"
        },
        "sources": [
            {
                "name": "pypi",
                "url": "https://pypi.org/simple",
                "verify_ssl": true
            }
        ]
    },
    "default": {
        "aws-xray-sdk": {
            "hashes": [
                "sha256:8b2bd76b42a14f48e9bc35c64864a00f30fc5e482000ad64d67454f8316f3639",
                "sha256:8ec3c6c82e76c03799ec209ed59642d78f62218db6a430f7e2d20491cac3c5ef"
            ],
            "index": "pypi",
            "version": "==1.1.2"
        },
        "certifi": {
            "hashes": [
                "sha256:1a4995114262bffbc2413b159f2a1a480c969de6e6eb13ee966d470af86af59c",
                "sha256:719a74fb9e33b9bd44cc7f3a8d94bc35e4049deebe19ba7d8e108280cfd59830"
            ],
            "version": "==2020.12.5"
        },
        "chardet": {
            "hashes": [
                "sha256:84ab92ed1c4d4f16916e05906b6b75a6c0fb5db821cc65e70cbd64a3e2a5eaae",
                "sha256:fc323ffcaeaed0e0a02bf4d117757b98aed530d9ed4531e3e15460124c106691"
            ],
            "version": "==3.0.4"
        },
        "future": {
            "hashes": [
                "sha256:b1bead90b70cf6ec3f0710ae53a525360fa360d306a86583adc6bf83a4db537d"
            ],
            "version": "==0.18.2"
        },
        "idna": {
            "hashes": [
                "sha256:156a6814fb5ac1fc6850fb002e0852d56c0c8d2531923a51032d1b70760e186e",
                "sha256:684a38a6f903c1d71d6d5fac066b58d7768af4de2b832e426ec79c30daa94a16"
            ],
            "version": "==2.7"
        },
        "importlib-metadata": {
            "hashes": [
                "sha256:ace61d5fc652dc280e7b6b4ff732a9c2d40db2c0f92bc6cb74e07b73d53a1771",
                "sha256:fa5daa4477a7414ae34e95942e4dd07f62adf589143c875c133c1e53c4eff38d"
            ],
            "markers": "python_version < '3.8'",
            "version": "==3.4.0"
        },
        "jsonpickle": {
            "hashes": [
                "sha256:060f97096559d1b86aa16cac2f4ea5f7b6da0c15d8a4de150b78013a886f9a51",
                "sha256:8eb8323f0e12cb40687f0445e2115d8165901e20ac670add55bb53a95c68c0e5"
            ],
            "version": "==1.5.1"
        },
        "requests": {
            "hashes": [
                "sha256:99dcfdaaeb17caf6e526f32b6a7b780461512ab3f1d992187801694cba42770c",
                "sha256:a84b8c9ab6239b578f22d1c21d51b696dcfe004032bb80ea832398d6909d7279"
            ],
            "index": "pypi",
            "version": "==2.20.0"
        },
        "typing-extensions": {
            "hashes": [
                "sha256:7cb407020f00f7bfc3cb3e7881628838e69d8f3fcab2f64742a5e76b2f841918",
                "sha256:99d4073b617d30288f569d3f13d2bd7548c3a7e4c8de87db09a9d29bb3a4a60c",
                "sha256:dafc7639cde7f1b6e1acc0f457842a83e722ccca8eef5270af2d74792619a89f"
            ],
            "markers": "python_version < '3.8'",
            "version": "==3.7.4.3"
        },
        "urllib3": {
            "hashes": [
                "sha256:2393a695cd12afedd0dcb26fe5d50d0cf248e5a66f75dbd89a3d4eb333a61af4",
                "sha256:a637e5fae88995b256e3409dc4d52c2e2e0ba32c42a6365fee8bbd2238de3cfb"
            ],
            "version": "==1.24.3"
        },
        "wrapt": {
            "hashes": [
                "sha256:b62ffa81fb85f4332a4f609cab4ac40709470da05643a082ec1eb88e6d9b97d7"
            ],
            "version": "==1.12.1"
        },
        "zipp": {
            "hashes": [
                "sha256:102c24ef8f171fd729d46599845e95c7ab894a4cf45f5de11a44cc7444fb1108",
                "sha256:ed5eee1974372595f9e416cc7bbeeb12335201d8081ca8a0743c954d4446e5cb"
            ],
            "version": "==3.4.0"
        }
    },
    "develop": {
        "appdirs": {
            "hashes": [
                "sha256:7d5d0167b2b1ba821647616af46a749d1c653740dd0d2415100fe26e27afdf41",
                "sha256:a841dacd6b99318a741b166adb07e19ee71a274450e68237b4650ca1055ab128"
            ],
            "version": "==1.4.4"
        },
        "attrs": {
            "hashes": [
                "sha256:31b2eced602aa8423c2aea9c76a724617ed67cf9513173fd3a4f03e3a929c7e6",
                "sha256:832aa3cde19744e49938b91fea06d69ecb9e649c93ba974535d08ad92164f700"
            ],
            "version": "==20.3.0"
        },
        "behave": {
            "hashes": [
                "sha256:b9662327aa53294c1351b0a9c369093ccec1d21026f050c3bd9b3e5cccf81a86",
                "sha256:ebda1a6c9e5bfe95c5f9f0a2794e01c7098b3dde86c10a95d8621c5907ff6f1c"
            ],
            "index": "pypi",
            "version": "==1.2.6"
        },
        "black": {
            "hashes": [
                "sha256:22158b89c1a6b4eb333a1e65e791a3f8b998cf3b11ae094adb2570f31f769a44",
                "sha256:4b475bbd528acce094c503a3d2dbc2d05a4075f6d0ef7d9e7514518e14cc5191"
            ],
            "index": "pypi",
            "version": "==18.6b4"
        },
        "click": {
            "hashes": [
                "sha256:681c9380a24b22fec089c8e5ffe40aa16a0da79f248a26fe2481bfa8170bfcc1",
                "sha256:e4315a188403c0258bbc4a4e31863e48fc301c4e95b8007a8eeda0391158df13"
            ],
            "version": "==8.0.0a1"
        },
        "coverage": {
            "hashes": [
                "sha256:10cfac276cf3dd0acefc49444fc4e1a0a4c23c855d9fcbd555681c3a47a328e6",
                "sha256:18797137634b64fe488b239d3709e5f8fdea80aea09f86ec819c633a2c84f79c",
                "sha256:316881a28d2a1a5853495092267fcacf245805b4139f0fc996f8a6c4be6fb499",
                "sha256:3368098e2c633ec6b2af4f91abde94b5c3b8fa66857452137485f40be77aeda6",
                "sha256:35fe7a6c06851c4c6a4c171eb796d27e023f5a1ce1e25837ea720f5b8cb76fce",
                "sha256:3a1c8ed67a64627ef317de64356731f8f173b76457672e933db896c080e1cc2b",
                "sha256:59fa7e9857205b8d6f6fce0eaea07409bcdffd68eaec3db7e0b1ac720d4fe0f3",
                "sha256:6b2e2ef7572b399b0cc2f6d05c06ada40329166d6fc58beef8081fb94a41201f",
                "sha256:712599fc602c302c540fe7e83b6d82aaf381ec5bfb4a51dc5c30f57d214d649f",
                "sha256:7c8dbbc9e5480856125511f11a5c735cff3200e367adc3ba342dad506a25407d",
                "sha256:7fc25906ecb0a6af0c434370da6cfbcf8badb257c5cf9a6464f5e37fe4ebc949",
                "sha256:88d81556e00ac7e1cc9e70a2376859f41e46d187b6dd5883422aa537505f8a98",
                "sha256:91a915f5fc88db7adace367e8ef65d1a418d29f7ade62514d604eed87c861355",
                "sha256:9f696b90ff4886ba5a277995397a13b0600bfd97c70d8ae4241c2aecea11ee61",
                "sha256:a863f4540446d7eeaf6bf716aee277eaf38842718e86bdb80cdca78cdf1fed0d",
                "sha256:b3b6d8d8194e7e1300240402dfd9c54840d03621e69da821d8ffc8bbebe00137",
                "sha256:c296ac03ba12e184bef03387d89c4a0be79daff214294917ce77df32240bf4d8",
                "sha256:c75b3de73cc7ba2e911a907322c65dd10da216f37e7477f22dbd0098775f6345",
                "sha256:c87c9ee13ce431305734b8e3f0bf00468a1d4f4ee60b6ef63c69282776ab94d6",
                "sha256:c89c895ff5cfda45a5f681514b647986f76a4f984df125d210c154e5a1a2472b",
                "sha256:c9fa8fbda281b1ddf25b8fa7ccf0564198a86c9da8a413111fcadd510a98a232",
                "sha256:ccdf1bd8fd848690fb3d5153d0c54c41169e59804acb9652664f5f669fe25c11"
            ],
            "index": "pypi",
            "version": "==5.0a1"
        },
        "flake8": {
            "hashes": [
                "sha256:7253265f7abd8b313e3892944044a365e3f4ac3fcdcfb4298f55ee9ddf188ba0",
                "sha256:c7841163e2b576d435799169b78703ad6ac1bbb0f199994fc05f700b2a90ea37"
            ],
            "index": "pypi",
            "version": "==3.5.0"
        },
        "mccabe": {
            "hashes": [
                "sha256:ab8a6258860da4b6677da4bd2fe5dc2c659cff31b3ee4f7f5d64e79735b80d42",
                "sha256:dd8d182285a0fe56bace7f45b5e7d1a6ebcbf524e8f3bd87eb0f125271b8831f"
            ],
            "version": "==0.6.1"
        },
        "parse": {
            "hashes": [
                "sha256:9ff82852bcb65d139813e2a5197627a94966245c897796760a3a2a8eb66f020b"
            ],
            "version": "==1.19.0"
        },
        "parse-type": {
            "hashes": [
                "sha256:089a471b06327103865dfec2dd844230c3c658a4a1b5b4c8b6c16c8f77577f9e",
                "sha256:7f690b18d35048c15438d6d0571f9045cffbec5907e0b1ccf006f889e3a38c0b"
            ],
            "version": "==0.5.2"
        },
        "pycodestyle": {
            "hashes": [
                "sha256:682256a5b318149ca0d2a9185d365d8864a768a28db66a84a2ea946bcc426766",
                "sha256:6c4245ade1edfad79c3446fadfc96b0de2759662dc29d07d80a6f27ad1ca6ba9"
            ],
            "version": "==2.3.1"
        },
        "pyflakes": {
            "hashes": [
                "sha256:08bd6a50edf8cffa9fa09a463063c425ecaaf10d1eb0335a7e8b1401aef89e6f",
                "sha256:8d616a382f243dbf19b54743f280b80198be0bca3a5396f1d2e1fca6223e8805"
            ],
            "version": "==1.6.0"
        },
        "six": {
            "hashes": [
                "sha256:30639c035cdb23534cd4aa2dd52c3bf48f06e5f4a941509c8bafd8ce11080259",
                "sha256:8b74bedcbbbaca38ff6d7491d76f2b06b3592611af620f8426e82dddb04a5ced"
            ],
            "version": "==1.15.0"
        },
        "toml": {
            "hashes": [
                "sha256:806143ae5bfb6a3c6e736a764057db0e6a0e05e338b5630894a5f779cabb4f9b",
                "sha256:b3bda1d108d5dd99f4a20d24d9c348e91c4db7ab1b749200bded2f839ccbe68f"
            ],
            "version": "==0.10.2"
        }
    }
}
